
Microsoft Visual Studio Solution File, Format Version 11.00
# Visual Studio 2010
Project("{FAE04EC0-301F-11D3-BF4B-00C04F79EFBC}") = "Dungeon Caster", "Assembly-CSharp-firstpass.csproj", "{169A38E1-8DF3-DAF0-26B5-52A70E4CABB7}"
EndProject
Project("{FAE04EC0-301F-11D3-BF4B-00C04F79EFBC}") = "Dungeon Caster", "Assembly-CSharp.csproj", "{6F9F58FE-869B-BDF9-2B6F-F01397500726}"
EndProject
Project("{FAE04EC0-301F-11D3-BF4B-00C04F79EFBC}") = "Dungeon Caster", "Assembly-CSharp-Editor-firstpass.csproj", "{749E15F5-5CCC-0387-175C-DD7E588460DC}"
EndProject
Project("{FAE04EC0-301F-11D3-BF4B-00C04F79EFBC}") = "Dungeon Caster", "Assembly-CSharp-Editor.csproj", "{62A9908F-8E2E-A014-7A0B-760B7EC2C32A}"
EndProject
Global
	GlobalSection(SolutionConfigurationPlatforms) = preSolution
		Debug|Any CPU = Debug|Any CPU
		Release|Any CPU = Release|Any CPU
	EndGlobalSection
	GlobalSection(ProjectConfigurationPlatforms) = postSolution
		{169A38E1-8DF3-DAF0-26B5-52A70E4CABB7}.Debug|Any CPU.ActiveCfg = Debug|Any CPU
		{169A38E1-8DF3-DAF0-26B5-52A70E4CABB7}.Debug|Any CPU.Build.0 = Debug|Any CPU
		{169A38E1-8DF3-DAF0-26B5-52A70E4CABB7}.Release|Any CPU.ActiveCfg = Release|Any CPU
		{169A38E1-8DF3-DAF0-26B5-52A70E4CABB7}.Release|Any CPU.Build.0 = Release|Any CPU
		{6F9F58FE-869B-BDF9-2B6F-F01397500726}.Debug|Any CPU.ActiveCfg = Debug|Any CPU
		{6F9F58FE-869B-BDF9-2B6F-F01397500726}.Debug|Any CPU.Build.0 = Debug|Any CPU
		{6F9F58FE-869B-BDF9-2B6F-F01397500726}.Release|Any CPU.ActiveCfg = Release|Any CPU
		{6F9F58FE-869B-BDF9-2B6F-F01397500726}.Release|Any CPU.Build.0 = Release|Any CPU
		{749E15F5-5CCC-0387-175C-DD7E588460DC}.Debug|Any CPU.ActiveCfg = Debug|Any CPU
		{749E15F5-5CCC-0387-175C-DD7E588460DC}.Debug|Any CPU.Build.0 = Debug|Any CPU
		{749E15F5-5CCC-0387-175C-DD7E588460DC}.Release|Any CPU.ActiveCfg = Release|Any CPU
		{749E15F5-5CCC-0387-175C-DD7E588460DC}.Release|Any CPU.Build.0 = Release|Any CPU
		{62A9908F-8E2E-A014-7A0B-760B7EC2C32A}.Debug|Any CPU.ActiveCfg = Debug|Any CPU
		{62A9908F-8E2E-A014-7A0B-760B7EC2C32A}.Debug|Any CPU.Build.0 = Debug|Any CPU
		{62A9908F-8E2E-A014-7A0B-760B7EC2C32A}.Release|Any CPU.ActiveCfg = Release|Any CPU
		{62A9908F-8E2E-A014-7A0B-760B7EC2C32A}.Release|Any CPU.Build.0 = Release|Any CPU
	EndGlobalSection
	GlobalSection(SolutionProperties) = preSolution
		HideSolutionNode = FALSE
	EndGlobalSection
	GlobalSection(MonoDevelopProperties) = preSolution
		StartupItem = Assembly-CSharp.csproj
	EndGlobalSection
EndGlobal
