
Microsoft Visual Studio Solution File, Format Version 12.00
# Visual Studio 2017
Project("{FAE04EC0-301F-11D3-BF4B-00C04F79EFBC}") = "Dungeon Caster.Plugins", "Dungeon Caster.Plugins.csproj", "{E38926B2-F1B9-DBCE-E145-939B5D757617}"
EndProject
Project("{FAE04EC0-301F-11D3-BF4B-00C04F79EFBC}") = "Dungeon Caster", "Dungeon Caster.csproj", "{A79060CA-6340-BAB6-7954-6C56636C3384}"
EndProject
Project("{FAE04EC0-301F-11D3-BF4B-00C04F79EFBC}") = "Dungeon Caster.Editor", "Dungeon Caster.Editor.csproj", "{C4D28FF9-3B3F-9855-5223-41F094925F15}"
EndProject
Project("{FAE04EC0-301F-11D3-BF4B-00C04F79EFBC}") = "Dungeon Caster.Editor.Plugins", "Dungeon Caster.Editor.Plugins.csproj", "{1DB3A4F0-ED71-3319-32EB-D58ACBD0707D}"
EndProject
Global
	GlobalSection(SolutionConfigurationPlatforms) = preSolution
		Debug|Any CPU = Debug|Any CPU
		Release|Any CPU = Release|Any CPU
	EndGlobalSection
	GlobalSection(ProjectConfigurationPlatforms) = postSolution
		{E38926B2-F1B9-DBCE-E145-939B5D757617}.Debug|Any CPU.ActiveCfg = Debug|Any CPU
		{E38926B2-F1B9-DBCE-E145-939B5D757617}.Debug|Any CPU.Build.0 = Debug|Any CPU
		{E38926B2-F1B9-DBCE-E145-939B5D757617}.Release|Any CPU.ActiveCfg = Release|Any CPU
		{E38926B2-F1B9-DBCE-E145-939B5D757617}.Release|Any CPU.Build.0 = Release|Any CPU
		{A79060CA-6340-BAB6-7954-6C56636C3384}.Debug|Any CPU.ActiveCfg = Debug|Any CPU
		{A79060CA-6340-BAB6-7954-6C56636C3384}.Debug|Any CPU.Build.0 = Debug|Any CPU
		{A79060CA-6340-BAB6-7954-6C56636C3384}.Release|Any CPU.ActiveCfg = Release|Any CPU
		{A79060CA-6340-BAB6-7954-6C56636C3384}.Release|Any CPU.Build.0 = Release|Any CPU
		{C4D28FF9-3B3F-9855-5223-41F094925F15}.Debug|Any CPU.ActiveCfg = Debug|Any CPU
		{C4D28FF9-3B3F-9855-5223-41F094925F15}.Debug|Any CPU.Build.0 = Debug|Any CPU
		{C4D28FF9-3B3F-9855-5223-41F094925F15}.Release|Any CPU.ActiveCfg = Release|Any CPU
		{C4D28FF9-3B3F-9855-5223-41F094925F15}.Release|Any CPU.Build.0 = Release|Any CPU
		{1DB3A4F0-ED71-3319-32EB-D58ACBD0707D}.Debug|Any CPU.ActiveCfg = Debug|Any CPU
		{1DB3A4F0-ED71-3319-32EB-D58ACBD0707D}.Debug|Any CPU.Build.0 = Debug|Any CPU
		{1DB3A4F0-ED71-3319-32EB-D58ACBD0707D}.Release|Any CPU.ActiveCfg = Release|Any CPU
		{1DB3A4F0-ED71-3319-32EB-D58ACBD0707D}.Release|Any CPU.Build.0 = Release|Any CPU
	EndGlobalSection
	GlobalSection(SolutionProperties) = preSolution
		HideSolutionNode = FALSE
	EndGlobalSection
EndGlobal
